
Microsoft Visual Studio Solution File, Format Version 12.00
# Visual Studio Version 16
VisualStudioVersion = 16.0.30114.105
MinimumVisualStudioVersion = 10.0.40219.1
Project("{FAE04EC0-301F-11D3-BF4B-00C04F79EFBC}") = "Parcial1", "Parcial1\Parcial1.csproj", "{FF4F7743-F83C-417A-9AF5-52E7900FD069}"
EndProject
Global
	GlobalSection(SolutionConfigurationPlatforms) = preSolution
		Debug|Any CPU = Debug|Any CPU
		Release|Any CPU = Release|Any CPU
	EndGlobalSection
	GlobalSection(ProjectConfigurationPlatforms) = postSolution
		{FF4F7743-F83C-417A-9AF5-52E7900FD069}.Debug|Any CPU.ActiveCfg = Debug|Any CPU
		{FF4F7743-F83C-417A-9AF5-52E7900FD069}.Debug|Any CPU.Build.0 = Debug|Any CPU
		{FF4F7743-F83C-417A-9AF5-52E7900FD069}.Release|Any CPU.ActiveCfg = Release|Any CPU
		{FF4F7743-F83C-417A-9AF5-52E7900FD069}.Release|Any CPU.Build.0 = Release|Any CPU
	EndGlobalSection
	GlobalSection(SolutionProperties) = preSolution
		HideSolutionNode = FALSE
	EndGlobalSection
	GlobalSection(ExtensibilityGlobals) = postSolution
		SolutionGuid = {499104AD-41F2-4BDD-AD91-AF73F1A976D4}
	EndGlobalSection
EndGlobal
